
Microsoft Visual Studio Solution File, Format Version 12.00
# Visual Studio 15
Project("{FAE04EC0-301F-11D3-BF4B-00C04F79EFBC}") = "Assembly-CSharp", "Assembly-CSharp.csproj", "{00AF5644-4285-B0A9-9B3D-1A6F8D4B65CE}"
EndProject
Project("{FAE04EC0-301F-11D3-BF4B-00C04F79EFBC}") = "Assembly-CSharp-Editor", "Assembly-CSharp-Editor.csproj", "{12C8ACBD-B333-3CB0-3698-84A1E7954077}"
EndProject
Global
	GlobalSection(SolutionConfigurationPlatforms) = preSolution
		Debug|Any CPU = Debug|Any CPU
		Release|Any CPU = Release|Any CPU
	EndGlobalSection
	GlobalSection(ProjectConfigurationPlatforms) = postSolution
		{00AF5644-4285-B0A9-9B3D-1A6F8D4B65CE}.Debug|Any CPU.ActiveCfg = Debug|Any CPU
		{00AF5644-4285-B0A9-9B3D-1A6F8D4B65CE}.Debug|Any CPU.Build.0 = Debug|Any CPU
		{00AF5644-4285-B0A9-9B3D-1A6F8D4B65CE}.Release|Any CPU.ActiveCfg = Release|Any CPU
		{00AF5644-4285-B0A9-9B3D-1A6F8D4B65CE}.Release|Any CPU.Build.0 = Release|Any CPU
		{12C8ACBD-B333-3CB0-3698-84A1E7954077}.Debug|Any CPU.ActiveCfg = Debug|Any CPU
		{12C8ACBD-B333-3CB0-3698-84A1E7954077}.Debug|Any CPU.Build.0 = Debug|Any CPU
		{12C8ACBD-B333-3CB0-3698-84A1E7954077}.Release|Any CPU.ActiveCfg = Release|Any CPU
		{12C8ACBD-B333-3CB0-3698-84A1E7954077}.Release|Any CPU.Build.0 = Release|Any CPU
	EndGlobalSection
	GlobalSection(SolutionProperties) = preSolution
		HideSolutionNode = FALSE
	EndGlobalSection
EndGlobal
